
Microsoft Visual Studio Solution File, Format Version 12.00
# Visual Studio Version 17
VisualStudioVersion = 17.3.32819.101
MinimumVisualStudioVersion = 10.0.40219.1
Project("{FAE04EC0-301F-11D3-BF4B-00C04F79EFBC}") = "9192 base", "9192 base\9192 base.csproj", "{DACA6E75-7B0D-43EE-BB3C-5F881B6BD3AA}"
EndProject
Global
	GlobalSection(SolutionConfigurationPlatforms) = preSolution
		Debug|Any CPU = Debug|Any CPU
		Release|Any CPU = Release|Any CPU
	EndGlobalSection
	GlobalSection(ProjectConfigurationPlatforms) = postSolution
		{DACA6E75-7B0D-43EE-BB3C-5F881B6BD3AA}.Debug|Any CPU.ActiveCfg = Debug|Any CPU
		{DACA6E75-7B0D-43EE-BB3C-5F881B6BD3AA}.Debug|Any CPU.Build.0 = Debug|Any CPU
		{DACA6E75-7B0D-43EE-BB3C-5F881B6BD3AA}.Release|Any CPU.ActiveCfg = Release|Any CPU
		{DACA6E75-7B0D-43EE-BB3C-5F881B6BD3AA}.Release|Any CPU.Build.0 = Release|Any CPU
	EndGlobalSection
	GlobalSection(SolutionProperties) = preSolution
		HideSolutionNode = FALSE
	EndGlobalSection
	GlobalSection(ExtensibilityGlobals) = postSolution
		SolutionGuid = {5F90937F-6848-4ED7-8E93-F3E4AE055C92}
	EndGlobalSection
EndGlobal
